Microsoft Visual Studio Solution File, Format Version 12.00
# Visual Studio Version 16
VisualStudioVersion = 16.0.31005.135
MinimumVisualStudioVersion = 10.0.40219.1
Project("{FAE04EC0-301F-11D3-BF4B-00C04F79EFBC}") = "GeoLib", "GeoLib.csproj", "{33A1A526-C4CF-46F2-AF06-31D0CCC524DB}"
EndProject
Project("{FAE04EC0-301F-11D3-BF4B-00C04F79EFBC}") = "PointCalc", "..\PointCalc\PointCalc.csproj", "{1CBB555A-3052-4F78-B84C-535B7D3BBC8A}"
EndProject
Project("{FAE04EC0-301F-11D3-BF4B-00C04F79EFBC}") = "TestApp", "..\TestApp\TestApp.csproj", "{723521C6-68B2-449A-A207-0197416A9604}"
EndProject
Global
	GlobalSection(SolutionConfigurationPlatforms) = preSolution
		Debug|Any CPU = Debug|Any CPU
		Debug|x64 = Debug|x64
		Release|Any CPU = Release|Any CPU
		Release|x64 = Release|x64
	EndGlobalSection
	GlobalSection(ProjectConfigurationPlatforms) = postSolution
		{33A1A526-C4CF-46F2-AF06-31D0CCC524DB}.Debug|Any CPU.ActiveCfg = Debug|x64
		{33A1A526-C4CF-46F2-AF06-31D0CCC524DB}.Debug|Any CPU.Build.0 = Debug|x64
		{33A1A526-C4CF-46F2-AF06-31D0CCC524DB}.Debug|x64.ActiveCfg = Debug|x64
		{33A1A526-C4CF-46F2-AF06-31D0CCC524DB}.Debug|x64.Build.0 = Debug|x64
		{33A1A526-C4CF-46F2-AF06-31D0CCC524DB}.Release|Any CPU.ActiveCfg = Release|Any CPU
		{33A1A526-C4CF-46F2-AF06-31D0CCC524DB}.Release|Any CPU.Build.0 = Release|Any CPU
		{33A1A526-C4CF-46F2-AF06-31D0CCC524DB}.Release|x64.ActiveCfg = Release|x64
		{33A1A526-C4CF-46F2-AF06-31D0CCC524DB}.Release|x64.Build.0 = Release|x64
		{1CBB555A-3052-4F78-B84C-535B7D3BBC8A}.Debug|Any CPU.ActiveCfg = Debug|x64
		{1CBB555A-3052-4F78-B84C-535B7D3BBC8A}.Debug|Any CPU.Build.0 = Debug|x64
		{1CBB555A-3052-4F78-B84C-535B7D3BBC8A}.Debug|x64.ActiveCfg = Debug|x64
		{1CBB555A-3052-4F78-B84C-535B7D3BBC8A}.Debug|x64.Build.0 = Debug|x64
		{1CBB555A-3052-4F78-B84C-535B7D3BBC8A}.Release|Any CPU.ActiveCfg = Release|Any CPU
		{1CBB555A-3052-4F78-B84C-535B7D3BBC8A}.Release|Any CPU.Build.0 = Release|Any CPU
		{1CBB555A-3052-4F78-B84C-535B7D3BBC8A}.Release|x64.ActiveCfg = Release|x64
		{1CBB555A-3052-4F78-B84C-535B7D3BBC8A}.Release|x64.Build.0 = Release|x64
		{723521C6-68B2-449A-A207-0197416A9604}.Debug|Any CPU.ActiveCfg = Debug|Any CPU
		{723521C6-68B2-449A-A207-0197416A9604}.Debug|Any CPU.Build.0 = Debug|Any CPU
		{723521C6-68B2-449A-A207-0197416A9604}.Debug|x64.ActiveCfg = Debug|x64
		{723521C6-68B2-449A-A207-0197416A9604}.Debug|x64.Build.0 = Debug|x64
		{723521C6-68B2-449A-A207-0197416A9604}.Release|Any CPU.ActiveCfg = Release|Any CPU
		{723521C6-68B2-449A-A207-0197416A9604}.Release|Any CPU.Build.0 = Release|Any CPU
		{723521C6-68B2-449A-A207-0197416A9604}.Release|x64.ActiveCfg = Release|Any CPU
		{723521C6-68B2-449A-A207-0197416A9604}.Release|x64.Build.0 = Release|Any CPU
	EndGlobalSection
	GlobalSection(SolutionProperties) = preSolution
		HideSolutionNode = FALSE
	EndGlobalSection
	GlobalSection(ExtensibilityGlobals) = postSolution
		SolutionGuid = {DB79EFC2-D5B4-4B1A-98E4-6C2FD513AB1A}
	EndGlobalSection
EndGlobal
